
Microsoft Visual Studio Solution File, Format Version 12.00
# Visual Studio 2012
Project("{FAE04EC0-301F-11D3-BF4B-00C04F79EFBC}") = "SocialShare", "SocialShare.csproj", "{18B2BA6D-8D9C-4A00-AE55-FA1B9DE8939E}"
EndProject
Project("{FAE04EC0-301F-11D3-BF4B-00C04F79EFBC}") = "SocialShare.Tests", "..\SocialShare.Tests\SocialShare.Tests.csproj", "{05DADCE5-C511-4934-813C-D5EF97F7093D}"
EndProject
Project("{FAE04EC0-301F-11D3-BF4B-00C04F79EFBC}") = "SocialShare.Samples", "..\SocialShare.Samples\SocialShare.Samples.csproj", "{5E71EA18-B6ED-4440-9C92-F7476ADF965F}"
EndProject
Global
	GlobalSection(SolutionConfigurationPlatforms) = preSolution
		Debug|Any CPU = Debug|Any CPU
		Release|Any CPU = Release|Any CPU
	EndGlobalSection
	GlobalSection(ProjectConfigurationPlatforms) = postSolution
		{18B2BA6D-8D9C-4A00-AE55-FA1B9DE8939E}.Debug|Any CPU.ActiveCfg = Debug|Any CPU
		{18B2BA6D-8D9C-4A00-AE55-FA1B9DE8939E}.Debug|Any CPU.Build.0 = Debug|Any CPU
		{18B2BA6D-8D9C-4A00-AE55-FA1B9DE8939E}.Release|Any CPU.ActiveCfg = Release|Any CPU
		{18B2BA6D-8D9C-4A00-AE55-FA1B9DE8939E}.Release|Any CPU.Build.0 = Release|Any CPU
		{05DADCE5-C511-4934-813C-D5EF97F7093D}.Debug|Any CPU.ActiveCfg = Debug|Any CPU
		{05DADCE5-C511-4934-813C-D5EF97F7093D}.Debug|Any CPU.Build.0 = Debug|Any CPU
		{05DADCE5-C511-4934-813C-D5EF97F7093D}.Release|Any CPU.ActiveCfg = Release|Any CPU
		{05DADCE5-C511-4934-813C-D5EF97F7093D}.Release|Any CPU.Build.0 = Release|Any CPU
		{5E71EA18-B6ED-4440-9C92-F7476ADF965F}.Debug|Any CPU.ActiveCfg = Debug|Any CPU
		{5E71EA18-B6ED-4440-9C92-F7476ADF965F}.Debug|Any CPU.Build.0 = Debug|Any CPU
		{5E71EA18-B6ED-4440-9C92-F7476ADF965F}.Release|Any CPU.ActiveCfg = Release|Any CPU
		{5E71EA18-B6ED-4440-9C92-F7476ADF965F}.Release|Any CPU.Build.0 = Release|Any CPU
	EndGlobalSection
	GlobalSection(SolutionProperties) = preSolution
		HideSolutionNode = FALSE
	EndGlobalSection
EndGlobal
